// !$*UTF8*$!
{
	archiveVersion = 1;
	classes = {
	};
	objectVersion = 52;
	objects = {

/* Begin PBXBuildFile section */
		14FFC9A70ECDDDBF2D3C8B90 /* Pods_Reconnect.framework in Frameworks */ = {isa = PBXBuildFile; fileRef = 1D41BBC6569FF27F0CD181F7 /* Pods_Reconnect.framework */; };
		230F58A1274B00A2003A1C61 /* Conversations.swift in Sources */ = {isa = PBXBuildFile; fileRef = 230F58A0274B00A2003A1C61 /* Conversations.swift */; };
		23830077272DA86300402D75 /* GoogleService-Info.plist in Resources */ = {isa = PBXBuildFile; fileRef = 23830076272DA86300402D75 /* GoogleService-Info.plist */; };
		2383007D272DA9D400402D75 /* Message.swift in Sources */ = {isa = PBXBuildFile; fileRef = 2383007C272DA9D400402D75 /* Message.swift */; };
		2394B6FC272F41F9003FCFFE /* Constants.swift in Sources */ = {isa = PBXBuildFile; fileRef = 2394B6FB272F41F8003FCFFE /* Constants.swift */; };
		2394B70327382067003FCFFE /* DatabaseManager.swift in Sources */ = {isa = PBXBuildFile; fileRef = 2394B70227382067003FCFFE /* DatabaseManager.swift */; };
		2394B73727387427003FCFFE /* ChatViewController.swift in Sources */ = {isa = PBXBuildFile; fileRef = 2394B73627387427003FCFFE /* ChatViewController.swift */; };
		2394B73A27388CE9003FCFFE /* Sender.swift in Sources */ = {isa = PBXBuildFile; fileRef = 2394B73927388CE8003FCFFE /* Sender.swift */; };
		2394B73D2739255C003FCFFE /* NewConversationViewController.swift in Sources */ = {isa = PBXBuildFile; fileRef = 2394B73C2739255C003FCFFE /* NewConversationViewController.swift */; };
		2394B74027399C77003FCFFE /* CalendarViewController.swift in Sources */ = {isa = PBXBuildFile; fileRef = 2394B73F27399C77003FCFFE /* CalendarViewController.swift */; };
		23D088752726AD4000F208EB /* LoginViewController.swift in Sources */ = {isa = PBXBuildFile; fileRef = 23D088742726AD4000F208EB /* LoginViewController.swift */; };
		23D088782726AD4E00F208EB /* RegisterViewController.swift in Sources */ = {isa = PBXBuildFile; fileRef = 23D088772726AD4E00F208EB /* RegisterViewController.swift */; };
		23D0887E2726AE8B00F208EB /* ConversationsViewController.swift in Sources */ = {isa = PBXBuildFile; fileRef = 23D0887D2726AE8B00F208EB /* ConversationsViewController.swift */; };
		23D5E0DC2722C18B0025821C /* AppDelegate.swift in Sources */ = {isa = PBXBuildFile; fileRef = 23D5E0DB2722C18B0025821C /* AppDelegate.swift */; };
		23D5E0DE2722C18B0025821C /* SceneDelegate.swift in Sources */ = {isa = PBXBuildFile; fileRef = 23D5E0DD2722C18B0025821C /* SceneDelegate.swift */; };
		23D5E0E02722C18B0025821C /* ViewController.swift in Sources */ = {isa = PBXBuildFile; fileRef = 23D5E0DF2722C18B0025821C /* ViewController.swift */; };
		23D5E0E32722C18B0025821C /* Main.storyboard in Resources */ = {isa = PBXBuildFile; fileRef = 23D5E0E12722C18B0025821C /* Main.storyboard */; };
		23D5E0E52722C18D0025821C /* Assets.xcassets in Resources */ = {isa = PBXBuildFile; fileRef = 23D5E0E42722C18D0025821C /* Assets.xcassets */; };
		23D5E0E82722C18D0025821C /* LaunchScreen.storyboard in Resources */ = {isa = PBXBuildFile; fileRef = 23D5E0E62722C18D0025821C /* LaunchScreen.storyboard */; };
		B0722F21275AADE300A66D95 /* UserCalendarViewController.swift in Sources */ = {isa = PBXBuildFile; fileRef = B0722F20275AADE300A66D95 /* UserCalendarViewController.swift */; };
		B0722F7A275E1D5C00A66D95 /* WeatherViewController.swift in Sources */ = {isa = PBXBuildFile; fileRef = B0722F79275E1D5C00A66D95 /* WeatherViewController.swift */; };
		B0743A9A274B0B5D001EE391 /* EKWrapper.swift in Sources */ = {isa = PBXBuildFile; fileRef = B0743A99274B0B5D001EE391 /* EKWrapper.swift */; };
		B0C4DFC827456B1A00DAFDB8 /* CalendarKit in Frameworks */ = {isa = PBXBuildFile; productRef = B0C4DFC727456B1A00DAFDB8 /* CalendarKit */; };
/* End PBXBuildFile section */

/* Begin PBXFileReference section */
		1D41BBC6569FF27F0CD181F7 /* Pods_Reconnect.framework */ = {isa = PBXFileReference; explicitFileType = wrapper.framework; includeInIndex = 0; path = Pods_Reconnect.framework; sourceTree = BUILT_PRODUCTS_DIR; };
		230F58A0274B00A2003A1C61 /* Conversations.swift */ = {isa = PBXFileReference; lastKnownFileType = sourcecode.swift; path = Conversations.swift; sourceTree = "<group>"; };
		23830076272DA86300402D75 /* GoogleService-Info.plist */ = {isa = PBXFileReference; fileEncoding = 4; lastKnownFileType = text.plist.xml; path = "GoogleService-Info.plist"; sourceTree = "<group>"; };
		2383007C272DA9D400402D75 /* Message.swift */ = {isa = PBXFileReference; lastKnownFileType = sourcecode.swift; path = Message.swift; sourceTree = "<group>"; };
		2394B6FB272F41F8003FCFFE /* Constants.swift */ = {isa = PBXFileReference; lastKnownFileType = sourcecode.swift; path = Constants.swift; sourceTree = "<group>"; };
		2394B70227382067003FCFFE /* DatabaseManager.swift */ = {isa = PBXFileReference; lastKnownFileType = sourcecode.swift; path = DatabaseManager.swift; sourceTree = "<group>"; };
		2394B73627387427003FCFFE /* ChatViewController.swift */ = {isa = PBXFileReference; lastKnownFileType = sourcecode.swift; path = ChatViewController.swift; sourceTree = "<group>"; };
		2394B73927388CE8003FCFFE /* Sender.swift */ = {isa = PBXFileReference; lastKnownFileType = sourcecode.swift; path = Sender.swift; sourceTree = "<group>"; };
		2394B73C2739255C003FCFFE /* NewConversationViewController.swift */ = {isa = PBXFileReference; lastKnownFileType = sourcecode.swift; path = NewConversationViewController.swift; sourceTree = "<group>"; };
		2394B73F27399C77003FCFFE /* CalendarViewController.swift */ = {isa = PBXFileReference; lastKnownFileType = sourcecode.swift; path = CalendarViewController.swift; sourceTree = "<group>"; };
		23D088742726AD4000F208EB /* LoginViewController.swift */ = {isa = PBXFileReference; lastKnownFileType = sourcecode.swift; path = LoginViewController.swift; sourceTree = "<group>"; };
		23D088772726AD4E00F208EB /* RegisterViewController.swift */ = {isa = PBXFileReference; lastKnownFileType = sourcecode.swift; path = RegisterViewController.swift; sourceTree = "<group>"; };
		23D0887D2726AE8B00F208EB /* ConversationsViewController.swift */ = {isa = PBXFileReference; lastKnownFileType = sourcecode.swift; path = ConversationsViewController.swift; sourceTree = "<group>"; };
		23D5E0D82722C18B0025821C /* Reconnect.app */ = {isa = PBXFileReference; explicitFileType = wrapper.application; includeInIndex = 0; path = Reconnect.app; sourceTree = BUILT_PRODUCTS_DIR; };
		23D5E0DB2722C18B0025821C /* AppDelegate.swift */ = {isa = PBXFileReference; lastKnownFileType = sourcecode.swift; path = AppDelegate.swift; sourceTree = "<group>"; };
		23D5E0DD2722C18B0025821C /* SceneDelegate.swift */ = {isa = PBXFileReference; lastKnownFileType = sourcecode.swift; path = SceneDelegate.swift; sourceTree = "<group>"; };
		23D5E0DF2722C18B0025821C /* ViewController.swift */ = {isa = PBXFileReference; lastKnownFileType = sourcecode.swift; path = ViewController.swift; sourceTree = "<group>"; };
		23D5E0E22722C18B0025821C /* Base */ = {isa = PBXFileReference; lastKnownFileType = file.storyboard; name = Base; path = Base.lproj/Main.storyboard; sourceTree = "<group>"; };
		23D5E0E42722C18D0025821C /* Assets.xcassets */ = {isa = PBXFileReference; lastKnownFileType = folder.assetcatalog; path = Assets.xcassets; sourceTree = "<group>"; };
		23D5E0E72722C18D0025821C /* Base */ = {isa = PBXFileReference; lastKnownFileType = file.storyboard; name = Base; path = Base.lproj/LaunchScreen.storyboard; sourceTree = "<group>"; };
		23D5E0E92722C18D0025821C /* Info.plist */ = {isa = PBXFileReference; lastKnownFileType = text.plist.xml; path = Info.plist; sourceTree = "<group>"; };
		B0722F20275AADE300A66D95 /* UserCalendarViewController.swift */ = {isa = PBXFileReference; lastKnownFileType = sourcecode.swift; path = UserCalendarViewController.swift; sourceTree = "<group>"; };
		B0722F79275E1D5C00A66D95 /* WeatherViewController.swift */ = {isa = PBXFileReference; lastKnownFileType = sourcecode.swift; path = WeatherViewController.swift; sourceTree = "<group>"; };
		B0743A99274B0B5D001EE391 /* EKWrapper.swift */ = {isa = PBXFileReference; lastKnownFileType = sourcecode.swift; path = EKWrapper.swift; sourceTree = "<group>"; };
		C696BB374B5783120595F4BC /* Pods-Reconnect.debug.xcconfig */ = {isa = PBXFileReference; includeInIndex = 1; lastKnownFileType = text.xcconfig; name = "Pods-Reconnect.debug.xcconfig"; path = "Target Support Files/Pods-Reconnect/Pods-Reconnect.debug.xcconfig"; sourceTree = "<group>"; };
		EB2B0D745A7EEDB8724993AA /* Pods-Reconnect.release.xcconfig */ = {isa = PBXFileReference; includeInIndex = 1; lastKnownFileType = text.xcconfig; name = "Pods-Reconnect.release.xcconfig"; path = "Target Support Files/Pods-Reconnect/Pods-Reconnect.release.xcconfig"; sourceTree = "<group>"; };
/* End PBXFileReference section */

/* Begin PBXFrameworksBuildPhase section */
		23D5E0D52722C18B0025821C /* Frameworks */ = {
			isa = PBXFrameworksBuildPhase;
			buildActionMask = 2147483647;
			files = (
				14FFC9A70ECDDDBF2D3C8B90 /* Pods_Reconnect.framework in Frameworks */,
				B0C4DFC827456B1A00DAFDB8 /* CalendarKit in Frameworks */,
			);
			runOnlyForDeploymentPostprocessing = 0;
		};
/* End PBXFrameworksBuildPhase section */

/* Begin PBXGroup section */
		1BA3F7AC2A1ACC58B8323083 /* Frameworks */ = {
			isa = PBXGroup;
			children = (
				1D41BBC6569FF27F0CD181F7 /* Pods_Reconnect.framework */,
			);
			name = Frameworks;
			sourceTree = "<group>";
		};
		23830079272DA98500402D75 /* Models */ = {
			isa = PBXGroup;
			children = (
				2383007C272DA9D400402D75 /* Message.swift */,
				2394B73927388CE8003FCFFE /* Sender.swift */,
				230F58A0274B00A2003A1C61 /* Conversations.swift */,
			);
			path = Models;
			sourceTree = "<group>";
		};
		2383007A272DA98E00402D75 /* Views */ = {
			isa = PBXGroup;
			children = (
				23D5E0E12722C18B0025821C /* Main.storyboard */,
			);
			path = Views;
			sourceTree = "<group>";
		};
		2383007B272DA99600402D75 /* Controllers */ = {
			isa = PBXGroup;
			children = (
				23D5E0DF2722C18B0025821C /* ViewController.swift */,
				23D0887D2726AE8B00F208EB /* ConversationsViewController.swift */,
				23D088742726AD4000F208EB /* LoginViewController.swift */,
				23D088772726AD4E00F208EB /* RegisterViewController.swift */,
				2394B73627387427003FCFFE /* ChatViewController.swift */,
				2394B73C2739255C003FCFFE /* NewConversationViewController.swift */,
				2394B73F27399C77003FCFFE /* CalendarViewController.swift */,
				B0743A99274B0B5D001EE391 /* EKWrapper.swift */,
				B0722F20275AADE300A66D95 /* UserCalendarViewController.swift */,
				B0722F79275E1D5C00A66D95 /* WeatherViewController.swift */,
			);
			path = Controllers;
			sourceTree = "<group>";
		};
		2394B7012738203C003FCFFE /* Resources */ = {
			isa = PBXGroup;
			children = (
				23D5E0DD2722C18B0025821C /* SceneDelegate.swift */,
				23D5E0DB2722C18B0025821C /* AppDelegate.swift */,
				2394B6FB272F41F8003FCFFE /* Constants.swift */,
				2394B70227382067003FCFFE /* DatabaseManager.swift */,
			);
			path = Resources;
			sourceTree = "<group>";
		};
		23D5E0CF2722C18A0025821C = {
			isa = PBXGroup;
			children = (
				23D5E0DA2722C18B0025821C /* Reconnect */,
				23D5E0D92722C18B0025821C /* Products */,
				BDBF34CBD103788D94AF9A1E /* Pods */,
				1BA3F7AC2A1ACC58B8323083 /* Frameworks */,
			);
			sourceTree = "<group>";
		};
		23D5E0D92722C18B0025821C /* Products */ = {
			isa = PBXGroup;
			children = (
				23D5E0D82722C18B0025821C /* Reconnect.app */,
			);
			name = Products;
			sourceTree = "<group>";
		};
		23D5E0DA2722C18B0025821C /* Reconnect */ = {
			isa = PBXGroup;
			children = (
				2394B7012738203C003FCFFE /* Resources */,
				2383007B272DA99600402D75 /* Controllers */,
				2383007A272DA98E00402D75 /* Views */,
				23830079272DA98500402D75 /* Models */,
				23830076272DA86300402D75 /* GoogleService-Info.plist */,
				23D5E0E42722C18D0025821C /* Assets.xcassets */,
				23D5E0E62722C18D0025821C /* LaunchScreen.storyboard */,
				23D5E0E92722C18D0025821C /* Info.plist */,
			);
			path = Reconnect;
			sourceTree = "<group>";
		};
		BDBF34CBD103788D94AF9A1E /* Pods */ = {
			isa = PBXGroup;
			children = (
				C696BB374B5783120595F4BC /* Pods-Reconnect.debug.xcconfig */,
				EB2B0D745A7EEDB8724993AA /* Pods-Reconnect.release.xcconfig */,
			);
			path = Pods;
			sourceTree = "<group>";
		};
/* End PBXGroup section */

/* Begin PBXNativeTarget section */
		23D5E0D72722C18B0025821C /* Reconnect */ = {
			isa = PBXNativeTarget;
			buildConfigurationList = 23D5E0EC2722C18D0025821C /* Build configuration list for PBXNativeTarget "Reconnect" */;
			buildPhases = (
				882D1AB4D0E5EEFB1564C654 /* [CP] Check Pods Manifest.lock */,
				23D5E0D42722C18B0025821C /* Sources */,
				23D5E0D52722C18B0025821C /* Frameworks */,
				23D5E0D62722C18B0025821C /* Resources */,
				33C1EBF20C7869E5FD70F313 /* [CP] Embed Pods Frameworks */,
			);
			buildRules = (
			);
			dependencies = (
			);
			name = Reconnect;
			packageProductDependencies = (
				B0C4DFC727456B1A00DAFDB8 /* CalendarKit */,
			);
			productName = Reconnect;
			productReference = 23D5E0D82722C18B0025821C /* Reconnect.app */;
			productType = "com.apple.product-type.application";
		};
/* End PBXNativeTarget section */

/* Begin PBXProject section */
		23D5E0D02722C18A0025821C /* Project object */ = {
			isa = PBXProject;
			attributes = {
				LastSwiftUpdateCheck = 1230;
				LastUpgradeCheck = 1230;
				TargetAttributes = {
					23D5E0D72722C18B0025821C = {
						CreatedOnToolsVersion = 12.3;
					};
				};
			};
			buildConfigurationList = 23D5E0D32722C18B0025821C /* Build configuration list for PBXProject "Reconnect" */;
			compatibilityVersion = "Xcode 9.3";
			developmentRegion = en;
			hasScannedForEncodings = 0;
			knownRegions = (
				en,
				Base,
			);
			mainGroup = 23D5E0CF2722C18A0025821C;
			packageReferences = (
				B0C4DFC627456B1A00DAFDB8 /* XCRemoteSwiftPackageReference "CalendarKit" */,
			);
			productRefGroup = 23D5E0D92722C18B0025821C /* Products */;
			projectDirPath = "";
			projectRoot = "";
			targets = (
				23D5E0D72722C18B0025821C /* Reconnect */,
			);
		};
/* End PBXProject section */

/* Begin PBXResourcesBuildPhase section */
		23D5E0D62722C18B0025821C /* Resources */ = {
			isa = PBXResourcesBuildPhase;
			buildActionMask = 2147483647;
			files = (
				23D5E0E82722C18D0025821C /* LaunchScreen.storyboard in Resources */,
				23D5E0E52722C18D0025821C /* Assets.xcassets in Resources */,
				23D5E0E32722C18B0025821C /* Main.storyboard in Resources */,
				23830077272DA86300402D75 /* GoogleService-Info.plist in Resources */,
			);
			runOnlyForDeploymentPostprocessing = 0;
		};
/* End PBXResourcesBuildPhase section */

/* Begin PBXShellScriptBuildPhase section */
		33C1EBF20C7869E5FD70F313 /* [CP] Embed Pods Frameworks */ = {
			isa = PBXShellScriptBuildPhase;
			buildActionMask = 2147483647;
			files = (
			);
			inputFileListPaths = (
				"${PODS_ROOT}/Target Support Files/Pods-Reconnect/Pods-Reconnect-frameworks-${CONFIGURATION}-input-files.xcfilelist",
			);
			name = "[CP] Embed Pods Frameworks";
			outputFileListPaths = (
				"${PODS_ROOT}/Target Support Files/Pods-Reconnect/Pods-Reconnect-frameworks-${CONFIGURATION}-output-files.xcfilelist",
			);
			runOnlyForDeploymentPostprocessing = 0;
			shellPath = /bin/sh;
			shellScript = "\"${PODS_ROOT}/Target Support Files/Pods-Reconnect/Pods-Reconnect-frameworks.sh\"\n";
			showEnvVarsInLog = 0;
		};
		882D1AB4D0E5EEFB1564C654 /* [CP] Check Pods Manifest.lock */ = {
			isa = PBXShellScriptBuildPhase;
			buildActionMask = 2147483647;
			files = (
			);
			inputFileListPaths = (
			);
			inputPaths = (
				"${PODS_PODFILE_DIR_PATH}/Podfile.lock",
				"${PODS_ROOT}/Manifest.lock",
			);
			name = "[CP] Check Pods Manifest.lock";
			outputFileListPaths = (
			);
			outputPaths = (
				"$(DERIVED_FILE_DIR)/Pods-Reconnect-checkManifestLockResult.txt",
			);
			runOnlyForDeploymentPostprocessing = 0;
			shellPath = /bin/sh;
			shellScript = "diff \"${PODS_PODFILE_DIR_PATH}/Podfile.lock\" \"${PODS_ROOT}/Manifest.lock\" > /dev/null\nif [ $? != 0 ] ; then\n    # print error to STDERR\n    echo \"error: The sandbox is not in sync with the Podfile.lock. Run 'pod install' or update your CocoaPods installation.\" >&2\n    exit 1\nfi\n# This output is used by Xcode 'outputs' to avoid re-running this script phase.\necho \"SUCCESS\" > \"${SCRIPT_OUTPUT_FILE_0}\"\n";
			showEnvVarsInLog = 0;
		};
/* End PBXShellScriptBuildPhase section */

/* Begin PBXSourcesBuildPhase section */
		23D5E0D42722C18B0025821C /* Sources */ = {
			isa = PBXSourcesBuildPhase;
			buildActionMask = 2147483647;
			files = (
				23D088752726AD4000F208EB /* LoginViewController.swift in Sources */,
				B0722F7A275E1D5C00A66D95 /* WeatherViewController.swift in Sources */,
				23D088782726AD4E00F208EB /* RegisterViewController.swift in Sources */,
				230F58A1274B00A2003A1C61 /* Conversations.swift in Sources */,
				23D0887E2726AE8B00F208EB /* ConversationsViewController.swift in Sources */,
				23D5E0E02722C18B0025821C /* ViewController.swift in Sources */,
				23D5E0DC2722C18B0025821C /* AppDelegate.swift in Sources */,
				2394B73A27388CE9003FCFFE /* Sender.swift in Sources */,
				2394B73D2739255C003FCFFE /* NewConversationViewController.swift in Sources */,
				B0722F21275AADE300A66D95 /* UserCalendarViewController.swift in Sources */,
				23D5E0DE2722C18B0025821C /* SceneDelegate.swift in Sources */,
				2394B74027399C77003FCFFE /* CalendarViewController.swift in Sources */,
				2383007D272DA9D400402D75 /* Message.swift in Sources */,
				2394B6FC272F41F9003FCFFE /* Constants.swift in Sources */,
				2394B73727387427003FCFFE /* ChatViewController.swift in Sources */,
				2394B70327382067003FCFFE /* DatabaseManager.swift in Sources */,
				B0743A9A274B0B5D001EE391 /* EKWrapper.swift in Sources */,
			);
			runOnlyForDeploymentPostprocessing = 0;
		};
/* End PBXSourcesBuildPhase section */

/* Begin PBXVariantGroup section */
		23D5E0E12722C18B0025821C /* Main.storyboard */ = {
			isa = PBXVariantGroup;
			children = (
				23D5E0E22722C18B0025821C /* Base */,
			);
			name = Main.storyboard;
			sourceTree = "<group>";
		};
		23D5E0E62722C18D0025821C /* LaunchScreen.storyboard */ = {
			isa = PBXVariantGroup;
			children = (
				23D5E0E72722C18D0025821C /* Base */,
			);
			name = LaunchScreen.storyboard;
			sourceTree = "<group>";
		};
/* End PBXVariantGroup section */

/* Begin XCBuildConfiguration section */
		23D5E0EA2722C18D0025821C /* Debug */ = {
			isa = XCBuildConfiguration;
			buildSettings = {
				ALWAYS_SEARCH_USER_PATHS = NO;
				CLANG_ANALYZER_NONNULL = YES;
				CLANG_ANALYZER_NUMBER_OBJECT_CONVERSION = YES_AGGRESSIVE;
				CLANG_CXX_LANGUAGE_STANDARD = "gnu++14";
				CLANG_CXX_LIBRARY = "libc++";
				CLANG_ENABLE_MODULES = YES;
				CLANG_ENABLE_OBJC_ARC = YES;
				CLANG_ENABLE_OBJC_WEAK = YES;
				CLANG_WARN_BLOCK_CAPTURE_AUTORELEASING = YES;
				CLANG_WARN_BOOL_CONVERSION = YES;
				CLANG_WARN_COMMA = YES;
				CLANG_WARN_CONSTANT_CONVERSION = YES;
				CLANG_WARN_DEPRECATED_OBJC_IMPLEMENTATIONS = YES;
				CLANG_WARN_DIRECT_OBJC_ISA_USAGE = YES_ERROR;
				CLANG_WARN_DOCUMENTATION_COMMENTS = YES;
				CLANG_WARN_EMPTY_BODY = YES;
				CLANG_WARN_ENUM_CONVERSION = YES;
				CLANG_WARN_INFINITE_RECURSION = YES;
				CLANG_WARN_INT_CONVERSION = YES;
				CLANG_WARN_NON_LITERAL_NULL_CONVERSION = YES;
				CLANG_WARN_OBJC_IMPLICIT_RETAIN_SELF = YES;
				CLANG_WARN_OBJC_LITERAL_CONVERSION = YES;
				CLANG_WARN_OBJC_ROOT_CLASS = YES_ERROR;
				CLANG_WARN_QUOTED_INCLUDE_IN_FRAMEWORK_HEADER = YES;
				CLANG_WARN_RANGE_LOOP_ANALYSIS = YES;
				CLANG_WARN_STRICT_PROTOTYPES = YES;
				CLANG_WARN_SUSPICIOUS_MOVE = YES;
				CLANG_WARN_UNGUARDED_AVAILABILITY = YES_AGGRESSIVE;
				CLANG_WARN_UNREACHABLE_CODE = YES;
				CLANG_WARN__DUPLICATE_METHOD_MATCH = YES;
				COPY_PHASE_STRIP = NO;
				DEBUG_INFORMATION_FORMAT = dwarf;
				ENABLE_STRICT_OBJC_MSGSEND = YES;
				ENABLE_TESTABILITY = YES;
				GCC_C_LANGUAGE_STANDARD = gnu11;
				GCC_DYNAMIC_NO_PIC = NO;
				GCC_NO_COMMON_BLOCKS = YES;
				GCC_OPTIMIZATION_LEVEL = 0;
				GCC_PREPROCESSOR_DEFINITIONS = (
					"DEBUG=1",
					"$(inherited)",
				);
				GCC_WARN_64_TO_32_BIT_CONVERSION = YES;
				GCC_WARN_ABOUT_RETURN_TYPE = YES_ERROR;
				GCC_WARN_UNDECLARED_SELECTOR = YES;
				GCC_WARN_UNINITIALIZED_AUTOS = YES_AGGRESSIVE;
				GCC_WARN_UNUSED_FUNCTION = YES;
				GCC_WARN_UNUSED_VARIABLE = YES;
				IPHONEOS_DEPLOYMENT_TARGET = 14.3;
				MTL_ENABLE_DEBUG_INFO = INCLUDE_SOURCE;
				MTL_FAST_MATH = YES;
				ONLY_ACTIVE_ARCH = YES;
				SDKROOT = iphoneos;
				SWIFT_ACTIVE_COMPILATION_CONDITIONS = DEBUG;
				SWIFT_OPTIMIZATION_LEVEL = "-Onone";
			};
			name = Debug;
		};
		23D5E0EB2722C18D0025821C /* Release */ = {
			isa = XCBuildConfiguration;
			buildSettings = {
				ALWAYS_SEARCH_USER_PATHS = NO;
				CLANG_ANALYZER_NONNULL = YES;
				CLANG_ANALYZER_NUMBER_OBJECT_CONVERSION = YES_AGGRESSIVE;
				CLANG_CXX_LANGUAGE_STANDARD = "gnu++14";
				CLANG_CXX_LIBRARY = "libc++";
				CLANG_ENABLE_MODULES = YES;
				CLANG_ENABLE_OBJC_ARC = YES;
				CLANG_ENABLE_OBJC_WEAK = YES;
				CLANG_WARN_BLOCK_CAPTURE_AUTORELEASING = YES;
				CLANG_WARN_BOOL_CONVERSION = YES;
				CLANG_WARN_COMMA = YES;
				CLANG_WARN_CONSTANT_CONVERSION = YES;
				CLANG_WARN_DEPRECATED_OBJC_IMPLEMENTATIONS = YES;
				CLANG_WARN_DIRECT_OBJC_ISA_USAGE = YES_ERROR;
				CLANG_WARN_DOCUMENTATION_COMMENTS = YES;
				CLANG_WARN_EMPTY_BODY = YES;
				CLANG_WARN_ENUM_CONVERSION = YES;
				CLANG_WARN_INFINITE_RECURSION = YES;
				CLANG_WARN_INT_CONVERSION = YES;
				CLANG_WARN_NON_LITERAL_NULL_CONVERSION = YES;
				CLANG_WARN_OBJC_IMPLICIT_RETAIN_SELF = YES;
				CLANG_WARN_OBJC_LITERAL_CONVERSION = YES;
				CLANG_WARN_OBJC_ROOT_CLASS = YES_ERROR;
				CLANG_WARN_QUOTED_INCLUDE_IN_FRAMEWORK_HEADER = YES;
				CLANG_WARN_RANGE_LOOP_ANALYSIS = YES;
				CLANG_WARN_STRICT_PROTOTYPES = YES;
				CLANG_WARN_SUSPICIOUS_MOVE = YES;
				CLANG_WARN_UNGUARDED_AVAILABILITY = YES_AGGRESSIVE;
				CLANG_WARN_UNREACHABLE_CODE = YES;
				CLANG_WARN__DUPLICATE_METHOD_MATCH = YES;
				COPY_PHASE_STRIP = NO;
				DEBUG_INFORMATION_FORMAT = "dwarf-with-dsym";
				ENABLE_NS_ASSERTIONS = NO;
				ENABLE_STRICT_OBJC_MSGSEND = YES;
				GCC_C_LANGUAGE_STANDARD = gnu11;
				GCC_NO_COMMON_BLOCKS = YES;
				GCC_WARN_64_TO_32_BIT_CONVERSION = YES;
				GCC_WARN_ABOUT_RETURN_TYPE = YES_ERROR;
				GCC_WARN_UNDECLARED_SELECTOR = YES;
				GCC_WARN_UNINITIALIZED_AUTOS = YES_AGGRESSIVE;
				GCC_WARN_UNUSED_FUNCTION = YES;
				GCC_WARN_UNUSED_VARIABLE = YES;
				IPHONEOS_DEPLOYMENT_TARGET = 14.3;
				MTL_ENABLE_DEBUG_INFO = NO;
				MTL_FAST_MATH = YES;
				SDKROOT = iphoneos;
				SWIFT_COMPILATION_MODE = wholemodule;
				SWIFT_OPTIMIZATION_LEVEL = "-O";
				VALIDATE_PRODUCT = YES;
			};
			name = Release;
		};
		23D5E0ED2722C18D0025821C /* Debug */ = {
			isa = XCBuildConfiguration;
			baseConfigurationReference = C696BB374B5783120595F4BC /* Pods-Reconnect.debug.xcconfig */;
			buildSettings = {
				ASSETCATALOG_COMPILER_APPICON_NAME = AppIcon;
				ASSETCATALOG_COMPILER_GLOBAL_ACCENT_COLOR_NAME = AccentColor;
				CODE_SIGN_STYLE = Automatic;
				DEVELOPMENT_TEAM = 8Q9EX5LGA2;
				INFOPLIST_FILE = Reconnect/Info.plist;
				LD_RUNPATH_SEARCH_PATHS = (
					"$(inherited)",
					"@executable_path/Frameworks",
				);
				PRODUCT_BUNDLE_IDENTIFIER = com.alenegru.Reconnect;
				PRODUCT_NAME = "$(TARGET_NAME)";
				SWIFT_VERSION = 5.0;
				TARGETED_DEVICE_FAMILY = "1,2";
			};
			name = Debug;
		};
		23D5E0EE2722C18D0025821C /* Release */ = {
			isa = XCBuildConfiguration;
			baseConfigurationReference = EB2B0D745A7EEDB8724993AA /* Pods-Reconnect.release.xcconfig */;
			buildSettings = {
				ASSETCATALOG_COMPILER_APPICON_NAME = AppIcon;
				ASSETCATALOG_COMPILER_GLOBAL_ACCENT_COLOR_NAME = AccentColor;
				CODE_SIGN_STYLE = Automatic;
				DEVELOPMENT_TEAM = 8Q9EX5LGA2;
				INFOPLIST_FILE = Reconnect/Info.plist;
				LD_RUNPATH_SEARCH_PATHS = (
					"$(inherited)",
					"@executable_path/Frameworks",
				);
				PRODUCT_BUNDLE_IDENTIFIER = com.alenegru.Reconnect;
				PRODUCT_NAME = "$(TARGET_NAME)";
				SWIFT_VERSION = 5.0;
				TARGETED_DEVICE_FAMILY = "1,2";
			};
			name = Release;
		};
/* End XCBuildConfiguration section */

/* Begin XCConfigurationList section */
		23D5E0D32722C18B0025821C /* Build configuration list for PBXProject "Reconnect" */ = {
			isa = XCConfigurationList;
			buildConfigurations = (
				23D5E0EA2722C18D0025821C /* Debug */,
				23D5E0EB2722C18D0025821C /* Release */,
			);
			defaultConfigurationIsVisible = 0;
			defaultConfigurationName = Release;
		};
		23D5E0EC2722C18D0025821C /* Build configuration list for PBXNativeTarget "Reconnect" */ = {
			isa = XCConfigurationList;
			buildConfigurations = (
				23D5E0ED2722C18D0025821C /* Debug */,
				23D5E0EE2722C18D0025821C /* Release */,
			);
			defaultConfigurationIsVisible = 0;
			defaultConfigurationName = Release;
		};
/* End XCConfigurationList section */

/* Begin XCRemoteSwiftPackageReference section */
		B0C4DFC627456B1A00DAFDB8 /* XCRemoteSwiftPackageReference "CalendarKit" */ = {
			isa = XCRemoteSwiftPackageReference;
			repositoryURL = "https://github.com/richardtop/CalendarKit.git";
			requirement = {
				kind = upToNextMajorVersion;
				minimumVersion = 1.0.14;
			};
		};
/* End XCRemoteSwiftPackageReference section */

/* Begin XCSwiftPackageProductDependency section */
		B0C4DFC727456B1A00DAFDB8 /* CalendarKit */ = {
			isa = XCSwiftPackageProductDependency;
			package = B0C4DFC627456B1A00DAFDB8 /* XCRemoteSwiftPackageReference "CalendarKit" */;
			productName = CalendarKit;
		};
/* End XCSwiftPackageProductDependency section */
	};
	rootObject = 23D5E0D02722C18A0025821C /* Project object */;
}
